
Microsoft Visual Studio Solution File, Format Version 12.00
# Visual Studio Version 17
VisualStudioVersion = 17.5.33516.290
MinimumVisualStudioVersion = 10.0.40219.1
Project("{8BC9CEB8-8B4A-11D0-8D11-00A0C91BC942}") = "Learning", "Learning\Learning.vcxproj", "{C6CC0E64-2F75-4026-AA02-87580B5A0AED}"
EndProject
Global
	GlobalSection(SolutionConfigurationPlatforms) = preSolution
		Debug|x64 = Debug|x64
		Debug|x86 = Debug|x86
		Release|x64 = Release|x64
		Release|x86 = Release|x86
	EndGlobalSection
	GlobalSection(ProjectConfigurationPlatforms) = postSolution
		{C6CC0E64-2F75-4026-AA02-87580B5A0AED}.Debug|x64.ActiveCfg = Debug|x64
		{C6CC0E64-2F75-4026-AA02-87580B5A0AED}.Debug|x64.Build.0 = Debug|x64
		{C6CC0E64-2F75-4026-AA02-87580B5A0AED}.Debug|x86.ActiveCfg = Debug|Win32
		{C6CC0E64-2F75-4026-AA02-87580B5A0AED}.Debug|x86.Build.0 = Debug|Win32
		{C6CC0E64-2F75-4026-AA02-87580B5A0AED}.Release|x64.ActiveCfg = Release|x64
		{C6CC0E64-2F75-4026-AA02-87580B5A0AED}.Release|x64.Build.0 = Release|x64
		{C6CC0E64-2F75-4026-AA02-87580B5A0AED}.Release|x86.ActiveCfg = Release|Win32
		{C6CC0E64-2F75-4026-AA02-87580B5A0AED}.Release|x86.Build.0 = Release|Win32
	EndGlobalSection
	GlobalSection(SolutionProperties) = preSolution
		HideSolutionNode = FALSE
	EndGlobalSection
	GlobalSection(ExtensibilityGlobals) = postSolution
		SolutionGuid = {52183103-4043-4116-BCA8-4DC519D74793}
	EndGlobalSection
EndGlobal
